// !$*UTF8*$!
{
	archiveVersion = 1;
	classes = {
	};
	objectVersion = 48;
	objects = {

/* Begin PBXBuildFile section */
		68BFFF6A2029F5EB00BA3AA2 /* AppDelegate.swift in Sources */ = {isa = PBXBuildFile; fileRef = 68BFFF692029F5EB00BA3AA2 /* AppDelegate.swift */; };
		68BFFF712029F5EB00BA3AA2 /* Assets.xcassets in Resources */ = {isa = PBXBuildFile; fileRef = 68BFFF702029F5EB00BA3AA2 /* Assets.xcassets */; };
		68BFFF832029FA2C00BA3AA2 /* MainViewController.swift in Sources */ = {isa = PBXBuildFile; fileRef = 68BFFF822029FA2C00BA3AA2 /* MainViewController.swift */; };
		68BFFF852029FA8300BA3AA2 /* MainView.swift in Sources */ = {isa = PBXBuildFile; fileRef = 68BFFF842029FA8300BA3AA2 /* MainView.swift */; };
		68BFFF89202A025A00BA3AA2 /* LaunchScreen.storyboard in Resources */ = {isa = PBXBuildFile; fileRef = 68BFFF88202A025A00BA3AA2 /* LaunchScreen.storyboard */; };
		68BFFF8B202A02D400BA3AA2 /* UIView.swift in Sources */ = {isa = PBXBuildFile; fileRef = 68BFFF8A202A02D400BA3AA2 /* UIView.swift */; };
/* End PBXBuildFile section */

/* Begin PBXFileReference section */
		68BFFF662029F5EB00BA3AA2 /* EasyAutoLayout.app */ = {isa = PBXFileReference; explicitFileType = wrapper.application; includeInIndex = 0; path = EasyAutoLayout.app; sourceTree = BUILT_PRODUCTS_DIR; };
		68BFFF692029F5EB00BA3AA2 /* AppDelegate.swift */ = {isa = PBXFileReference; lastKnownFileType = sourcecode.swift; path = AppDelegate.swift; sourceTree = "<group>"; };
		68BFFF702029F5EB00BA3AA2 /* Assets.xcassets */ = {isa = PBXFileReference; lastKnownFileType = folder.assetcatalog; path = Assets.xcassets; sourceTree = "<group>"; };
		68BFFF752029F5EB00BA3AA2 /* Info.plist */ = {isa = PBXFileReference; lastKnownFileType = text.plist.xml; path = Info.plist; sourceTree = "<group>"; };
		68BFFF822029FA2C00BA3AA2 /* MainViewController.swift */ = {isa = PBXFileReference; lastKnownFileType = sourcecode.swift; path = MainViewController.swift; sourceTree = "<group>"; };
		68BFFF842029FA8300BA3AA2 /* MainView.swift */ = {isa = PBXFileReference; lastKnownFileType = sourcecode.swift; path = MainView.swift; sourceTree = "<group>"; };
		68BFFF88202A025A00BA3AA2 /* LaunchScreen.storyboard */ = {isa = PBXFileReference; lastKnownFileType = file.storyboard; path = LaunchScreen.storyboard; sourceTree = "<group>"; };
		68BFFF8A202A02D400BA3AA2 /* UIView.swift */ = {isa = PBXFileReference; lastKnownFileType = sourcecode.swift; path = UIView.swift; sourceTree = "<group>"; };
/* End PBXFileReference section */

/* Begin PBXFrameworksBuildPhase section */
		68BFFF632029F5EB00BA3AA2 /* Frameworks */ = {
			isa = PBXFrameworksBuildPhase;
			buildActionMask = 2147483647;
			files = (
			);
			runOnlyForDeploymentPostprocessing = 0;
		};
/* End PBXFrameworksBuildPhase section */

/* Begin PBXGroup section */
		68BFFF5D2029F5EB00BA3AA2 = {
			isa = PBXGroup;
			children = (
				68BFFF682029F5EB00BA3AA2 /* EasyAutoLayout */,
				68BFFF672029F5EB00BA3AA2 /* Products */,
			);
			sourceTree = "<group>";
		};
		68BFFF672029F5EB00BA3AA2 /* Products */ = {
			isa = PBXGroup;
			children = (
				68BFFF662029F5EB00BA3AA2 /* EasyAutoLayout.app */,
			);
			name = Products;
			sourceTree = "<group>";
		};
		68BFFF682029F5EB00BA3AA2 /* EasyAutoLayout */ = {
			isa = PBXGroup;
			children = (
				68BFFF7B2029F7AF00BA3AA2 /* Resources */,
				68BFFF7C2029F7D000BA3AA2 /* Classes */,
				68BFFF88202A025A00BA3AA2 /* LaunchScreen.storyboard */,
				68BFFF692029F5EB00BA3AA2 /* AppDelegate.swift */,
				68BFFF752029F5EB00BA3AA2 /* Info.plist */,
			);
			path = EasyAutoLayout;
			sourceTree = "<group>";
		};
		68BFFF7B2029F7AF00BA3AA2 /* Resources */ = {
			isa = PBXGroup;
			children = (
				68BFFF702029F5EB00BA3AA2 /* Assets.xcassets */,
			);
			path = Resources;
			sourceTree = "<group>";
		};
		68BFFF7C2029F7D000BA3AA2 /* Classes */ = {
			isa = PBXGroup;
			children = (
				68BFFF812029F80F00BA3AA2 /* Views */,
				68BFFF802029F80500BA3AA2 /* Controllers */,
				68BFFF7F2029F7FD00BA3AA2 /* Models */,
				68BFFF7E2029F7E800BA3AA2 /* Utilities */,
				68BFFF7D2029F7E000BA3AA2 /* Extentions */,
			);
			path = Classes;
			sourceTree = "<group>";
		};
		68BFFF7D2029F7E000BA3AA2 /* Extentions */ = {
			isa = PBXGroup;
			children = (
				68BFFF8A202A02D400BA3AA2 /* UIView.swift */,
			);
			path = Extentions;
			sourceTree = "<group>";
		};
		68BFFF7E2029F7E800BA3AA2 /* Utilities */ = {
			isa = PBXGroup;
			children = (
			);
			path = Utilities;
			sourceTree = "<group>";
		};
		68BFFF7F2029F7FD00BA3AA2 /* Models */ = {
			isa = PBXGroup;
			children = (
			);
			path = Models;
			sourceTree = "<group>";
		};
		68BFFF802029F80500BA3AA2 /* Controllers */ = {
			isa = PBXGroup;
			children = (
				68BFFF822029FA2C00BA3AA2 /* MainViewController.swift */,
			);
			path = Controllers;
			sourceTree = "<group>";
		};
		68BFFF812029F80F00BA3AA2 /* Views */ = {
			isa = PBXGroup;
			children = (
				68BFFF842029FA8300BA3AA2 /* MainView.swift */,
			);
			path = Views;
			sourceTree = "<group>";
		};
/* End PBXGroup section */

/* Begin PBXNativeTarget section */
		68BFFF652029F5EB00BA3AA2 /* EasyAutoLayout */ = {
			isa = PBXNativeTarget;
			buildConfigurationList = 68BFFF782029F5EB00BA3AA2 /* Build configuration list for PBXNativeTarget "EasyAutoLayout" */;
			buildPhases = (
				68BFFF622029F5EB00BA3AA2 /* Sources */,
				68BFFF632029F5EB00BA3AA2 /* Frameworks */,
				68BFFF642029F5EB00BA3AA2 /* Resources */,
			);
			buildRules = (
			);
			dependencies = (
			);
			name = EasyAutoLayout;
			productName = EasyAutoLayout;
			productReference = 68BFFF662029F5EB00BA3AA2 /* EasyAutoLayout.app */;
			productType = "com.apple.product-type.application";
		};
/* End PBXNativeTarget section */

/* Begin PBXProject section */
		68BFFF5E2029F5EB00BA3AA2 /* Project object */ = {
			isa = PBXProject;
			attributes = {
				LastSwiftUpdateCheck = 0920;
				LastUpgradeCheck = 0920;
				ORGANIZATIONNAME = "Masataka Miyoshi";
				TargetAttributes = {
					68BFFF652029F5EB00BA3AA2 = {
						CreatedOnToolsVersion = 9.2;
						ProvisioningStyle = Automatic;
					};
				};
			};
			buildConfigurationList = 68BFFF612029F5EB00BA3AA2 /* Build configuration list for PBXProject "EasyAutoLayout" */;
			compatibilityVersion = "Xcode 8.0";
			developmentRegion = en;
			hasScannedForEncodings = 0;
			knownRegions = (
				en,
				Base,
			);
			mainGroup = 68BFFF5D2029F5EB00BA3AA2;
			productRefGroup = 68BFFF672029F5EB00BA3AA2 /* Products */;
			projectDirPath = "";
			projectRoot = "";
			targets = (
				68BFFF652029F5EB00BA3AA2 /* EasyAutoLayout */,
			);
		};
/* End PBXProject section */

/* Begin PBXResourcesBuildPhase section */
		68BFFF642029F5EB00BA3AA2 /* Resources */ = {
			isa = PBXResourcesBuildPhase;
			buildActionMask = 2147483647;
			files = (
				68BFFF712029F5EB00BA3AA2 /* Assets.xcassets in Resources */,
				68BFFF89202A025A00BA3AA2 /* LaunchScreen.storyboard in Resources */,
			);
			runOnlyForDeploymentPostprocessing = 0;
		};
/* End PBXResourcesBuildPhase section */

/* Begin PBXSourcesBuildPhase section */
		68BFFF622029F5EB00BA3AA2 /* Sources */ = {
			isa = PBXSourcesBuildPhase;
			buildActionMask = 2147483647;
			files = (
				68BFFF8B202A02D400BA3AA2 /* UIView.swift in Sources */,
				68BFFF832029FA2C00BA3AA2 /* MainViewController.swift in Sources */,
				68BFFF852029FA8300BA3AA2 /* MainView.swift in Sources */,
				68BFFF6A2029F5EB00BA3AA2 /* AppDelegate.swift in Sources */,
			);
			runOnlyForDeploymentPostprocessing = 0;
		};
/* End PBXSourcesBuildPhase section */

/* Begin XCBuildConfiguration section */
		68BFFF762029F5EB00BA3AA2 /* Debug */ = {
			isa = XCBuildConfiguration;
			buildSettings = {
				ALWAYS_SEARCH_USER_PATHS = NO;
				CLANG_ANALYZER_NONNULL = YES;
				CLANG_ANALYZER_NUMBER_OBJECT_CONVERSION = YES_AGGRESSIVE;
				CLANG_CXX_LANGUAGE_STANDARD = "gnu++14";
				CLANG_CXX_LIBRARY = "libc++";
				CLANG_ENABLE_MODULES = YES;
				CLANG_ENABLE_OBJC_ARC = YES;
				CLANG_WARN_BLOCK_CAPTURE_AUTORELEASING = YES;
				CLANG_WARN_BOOL_CONVERSION = YES;
				CLANG_WARN_COMMA = YES;
				CLANG_WARN_CONSTANT_CONVERSION = YES;
				CLANG_WARN_DIRECT_OBJC_ISA_USAGE = YES_ERROR;
				CLANG_WARN_DOCUMENTATION_COMMENTS = YES;
				CLANG_WARN_EMPTY_BODY = YES;
				CLANG_WARN_ENUM_CONVERSION = YES;
				CLANG_WARN_INFINITE_RECURSION = YES;
				CLANG_WARN_INT_CONVERSION = YES;
				CLANG_WARN_NON_LITERAL_NULL_CONVERSION = YES;
				CLANG_WARN_OBJC_LITERAL_CONVERSION = YES;
				CLANG_WARN_OBJC_ROOT_CLASS = YES_ERROR;
				CLANG_WARN_RANGE_LOOP_ANALYSIS = YES;
				CLANG_WARN_STRICT_PROTOTYPES = YES;
				CLANG_WARN_SUSPICIOUS_MOVE = YES;
				CLANG_WARN_UNGUARDED_AVAILABILITY = YES_AGGRESSIVE;
				CLANG_WARN_UNREACHABLE_CODE = YES;
				CLANG_WARN__DUPLICATE_METHOD_MATCH = YES;
				CODE_SIGN_IDENTITY = "iPhone Developer";
				COPY_PHASE_STRIP = NO;
				DEBUG_INFORMATION_FORMAT = dwarf;
				ENABLE_STRICT_OBJC_MSGSEND = YES;
				ENABLE_TESTABILITY = YES;
				GCC_C_LANGUAGE_STANDARD = gnu11;
				GCC_DYNAMIC_NO_PIC = NO;
				GCC_NO_COMMON_BLOCKS = YES;
				GCC_OPTIMIZATION_LEVEL = 0;
				GCC_PREPROCESSOR_DEFINITIONS = (
					"DEBUG=1",
					"$(inherited)",
				);
				GCC_WARN_64_TO_32_BIT_CONVERSION = YES;
				GCC_WARN_ABOUT_RETURN_TYPE = YES_ERROR;
				GCC_WARN_UNDECLARED_SELECTOR = YES;
				GCC_WARN_UNINITIALIZED_AUTOS = YES_AGGRESSIVE;
				GCC_WARN_UNUSED_FUNCTION = YES;
				GCC_WARN_UNUSED_VARIABLE = YES;
				IPHONEOS_DEPLOYMENT_TARGET = 11.0;
				MTL_ENABLE_DEBUG_INFO = YES;
				ONLY_ACTIVE_ARCH = YES;
				SDKROOT = iphoneos;
				SWIFT_ACTIVE_COMPILATION_CONDITIONS = DEBUG;
				SWIFT_OPTIMIZATION_LEVEL = "-Onone";
			};
			name = Debug;
		};
		68BFFF772029F5EB00BA3AA2 /* Release */ = {
			isa = XCBuildConfiguration;
			buildSettings = {
				ALWAYS_SEARCH_USER_PATHS = NO;
				CLANG_ANALYZER_NONNULL = YES;
				CLANG_ANALYZER_NUMBER_OBJECT_CONVERSION = YES_AGGRESSIVE;
				CLANG_CXX_LANGUAGE_STANDARD = "gnu++14";
				CLANG_CXX_LIBRARY = "libc++";
				CLANG_ENABLE_MODULES = YES;
				CLANG_ENABLE_OBJC_ARC = YES;
				CLANG_WARN_BLOCK_CAPTURE_AUTORELEASING = YES;
				CLANG_WARN_BOOL_CONVERSION = YES;
				CLANG_WARN_COMMA = YES;
				CLANG_WARN_CONSTANT_CONVERSION = YES;
				CLANG_WARN_DIRECT_OBJC_ISA_USAGE = YES_ERROR;
				CLANG_WARN_DOCUMENTATION_COMMENTS = YES;
				CLANG_WARN_EMPTY_BODY = YES;
				CLANG_WARN_ENUM_CONVERSION = YES;
				CLANG_WARN_INFINITE_RECURSION = YES;
				CLANG_WARN_INT_CONVERSION = YES;
				CLANG_WARN_NON_LITERAL_NULL_CONVERSION = YES;
				CLANG_WARN_OBJC_LITERAL_CONVERSION = YES;
				CLANG_WARN_OBJC_ROOT_CLASS = YES_ERROR;
				CLANG_WARN_RANGE_LOOP_ANALYSIS = YES;
				CLANG_WARN_STRICT_PROTOTYPES = YES;
				CLANG_WARN_SUSPICIOUS_MOVE = YES;
				CLANG_WARN_UNGUARDED_AVAILABILITY = YES_AGGRESSIVE;
				CLANG_WARN_UNREACHABLE_CODE = YES;
				CLANG_WARN__DUPLICATE_METHOD_MATCH = YES;
				CODE_SIGN_IDENTITY = "iPhone Developer";
				COPY_PHASE_STRIP = NO;
				DEBUG_INFORMATION_FORMAT = "dwarf-with-dsym";
				ENABLE_NS_ASSERTIONS = NO;
				ENABLE_STRICT_OBJC_MSGSEND = YES;
				GCC_C_LANGUAGE_STANDARD = gnu11;
				GCC_NO_COMMON_BLOCKS = YES;
				GCC_WARN_64_TO_32_BIT_CONVERSION = YES;
				GCC_WARN_ABOUT_RETURN_TYPE = YES_ERROR;
				GCC_WARN_UNDECLARED_SELECTOR = YES;
				GCC_WARN_UNINITIALIZED_AUTOS = YES_AGGRESSIVE;
				GCC_WARN_UNUSED_FUNCTION = YES;
				GCC_WARN_UNUSED_VARIABLE = YES;
				IPHONEOS_DEPLOYMENT_TARGET = 11.0;
				MTL_ENABLE_DEBUG_INFO = NO;
				SDKROOT = iphoneos;
				SWIFT_OPTIMIZATION_LEVEL = "-Owholemodule";
				VALIDATE_PRODUCT = YES;
			};
			name = Release;
		};
		68BFFF792029F5EB00BA3AA2 /* Debug */ = {
			isa = XCBuildConfiguration;
			buildSettings = {
				ASSETCATALOG_COMPILER_APPICON_NAME = AppIcon;
				CODE_SIGN_STYLE = Automatic;
				DEVELOPMENT_TEAM = WDFA67X5D5;
				INFOPLIST_FILE = EasyAutoLayout/Info.plist;
				IPHONEOS_DEPLOYMENT_TARGET = 11.0;
				LD_RUNPATH_SEARCH_PATHS = "$(inherited) @executable_path/Frameworks";
				PRODUCT_BUNDLE_IDENTIFIER = minout.net.EasyAutoLayout;
				PRODUCT_NAME = "$(TARGET_NAME)";
				SWIFT_VERSION = 4.0;
				TARGETED_DEVICE_FAMILY = 1;
			};
			name = Debug;
		};
		68BFFF7A2029F5EB00BA3AA2 /* Release */ = {
			isa = XCBuildConfiguration;
			buildSettings = {
				ASSETCATALOG_COMPILER_APPICON_NAME = AppIcon;
				CODE_SIGN_STYLE = Automatic;
				DEVELOPMENT_TEAM = WDFA67X5D5;
				INFOPLIST_FILE = EasyAutoLayout/Info.plist;
				IPHONEOS_DEPLOYMENT_TARGET = 11.0;
				LD_RUNPATH_SEARCH_PATHS = "$(inherited) @executable_path/Frameworks";
				PRODUCT_BUNDLE_IDENTIFIER = minout.net.EasyAutoLayout;
				PRODUCT_NAME = "$(TARGET_NAME)";
				SWIFT_VERSION = 4.0;
				TARGETED_DEVICE_FAMILY = 1;
			};
			name = Release;
		};
/* End XCBuildConfiguration section */

/* Begin XCConfigurationList section */
		68BFFF612029F5EB00BA3AA2 /* Build configuration list for PBXProject "EasyAutoLayout" */ = {
			isa = XCConfigurationList;
			buildConfigurations = (
				68BFFF762029F5EB00BA3AA2 /* Debug */,
				68BFFF772029F5EB00BA3AA2 /* Release */,
			);
			defaultConfigurationIsVisible = 0;
			defaultConfigurationName = Release;
		};
		68BFFF782029F5EB00BA3AA2 /* Build configuration list for PBXNativeTarget "EasyAutoLayout" */ = {
			isa = XCConfigurationList;
			buildConfigurations = (
				68BFFF792029F5EB00BA3AA2 /* Debug */,
				68BFFF7A2029F5EB00BA3AA2 /* Release */,
			);
			defaultConfigurationIsVisible = 0;
			defaultConfigurationName = Release;
		};
/* End XCConfigurationList section */
	};
	rootObject = 68BFFF5E2029F5EB00BA3AA2 /* Project object */;
}
